
Microsoft Visual Studio Solution File, Format Version 12.00
# Visual Studio Version 16
VisualStudioVersion = 16.0.29306.81
MinimumVisualStudioVersion = 10.0.40219.1
Project("{FAE04EC0-301F-11D3-BF4B-00C04F79EFBC}") = "ko4ev-lab1.0", "ko4ev-lab1.0\ko4ev-lab1.0.csproj", "{D8EEC734-AB34-44E8-AF9C-3C269C7DFB08}"
EndProject
Global
	GlobalSection(SolutionConfigurationPlatforms) = preSolution
		Debug|Any CPU = Debug|Any CPU
		Release|Any CPU = Release|Any CPU
	EndGlobalSection
	GlobalSection(ProjectConfigurationPlatforms) = postSolution
		{D8EEC734-AB34-44E8-AF9C-3C269C7DFB08}.Debug|Any CPU.ActiveCfg = Debug|Any CPU
		{D8EEC734-AB34-44E8-AF9C-3C269C7DFB08}.Debug|Any CPU.Build.0 = Debug|Any CPU
		{D8EEC734-AB34-44E8-AF9C-3C269C7DFB08}.Release|Any CPU.ActiveCfg = Release|Any CPU
		{D8EEC734-AB34-44E8-AF9C-3C269C7DFB08}.Release|Any CPU.Build.0 = Release|Any CPU
	EndGlobalSection
	GlobalSection(SolutionProperties) = preSolution
		HideSolutionNode = FALSE
	EndGlobalSection
	GlobalSection(ExtensibilityGlobals) = postSolution
		SolutionGuid = {711287B3-A2E4-4403-A4F4-8CAD01CC12BC}
	EndGlobalSection
EndGlobal
